
Microsoft Visual Studio Solution File, Format Version 12.00
# Visual Studio Version 16
VisualStudioVersion = 16.0.31515.178
MinimumVisualStudioVersion = 10.0.40219.1
Project("{FAE04EC0-301F-11D3-BF4B-00C04F79EFBC}") = "DoAn_NMLT_2021", "DoAn_NMLT_2021.csproj", "{98D39196-B2A4-47A6-81BD-61953602D84C}"
EndProject
Global
	GlobalSection(SolutionConfigurationPlatforms) = preSolution
		Debug|Any CPU = Debug|Any CPU
		Release|Any CPU = Release|Any CPU
	EndGlobalSection
	GlobalSection(ProjectConfigurationPlatforms) = postSolution
		{98D39196-B2A4-47A6-81BD-61953602D84C}.Debug|Any CPU.ActiveCfg = Debug|Any CPU
		{98D39196-B2A4-47A6-81BD-61953602D84C}.Debug|Any CPU.Build.0 = Debug|Any CPU
		{98D39196-B2A4-47A6-81BD-61953602D84C}.Release|Any CPU.ActiveCfg = Release|Any CPU
		{98D39196-B2A4-47A6-81BD-61953602D84C}.Release|Any CPU.Build.0 = Release|Any CPU
	EndGlobalSection
	GlobalSection(SolutionProperties) = preSolution
		HideSolutionNode = FALSE
	EndGlobalSection
	GlobalSection(ExtensibilityGlobals) = postSolution
		SolutionGuid = {8CC918BD-0FEE-4A1D-B026-529928EF5E07}
	EndGlobalSection
EndGlobal
